// !$*UTF8*$!
{
	archiveVersion = 1;
	classes = {
	};
	objectVersion = 50;
	objects = {

/* Begin PBXBuildFile section */
		70D06EA525B60C7500852DF7 /* AppDelegate.swift in Sources */ = {isa = PBXBuildFile; fileRef = 70D06EA425B60C7500852DF7 /* AppDelegate.swift */; };
		70D06EA725B60C7500852DF7 /* SceneDelegate.swift in Sources */ = {isa = PBXBuildFile; fileRef = 70D06EA625B60C7500852DF7 /* SceneDelegate.swift */; };
		70D06EA925B60C7500852DF7 /* ViewController.swift in Sources */ = {isa = PBXBuildFile; fileRef = 70D06EA825B60C7500852DF7 /* ViewController.swift */; };
		70D06EAC25B60C7500852DF7 /* Main.storyboard in Resources */ = {isa = PBXBuildFile; fileRef = 70D06EAA25B60C7500852DF7 /* Main.storyboard */; };
		70D06EAE25B60C7600852DF7 /* Assets.xcassets in Resources */ = {isa = PBXBuildFile; fileRef = 70D06EAD25B60C7600852DF7 /* Assets.xcassets */; };
		70D06EB125B60C7600852DF7 /* LaunchScreen.storyboard in Resources */ = {isa = PBXBuildFile; fileRef = 70D06EAF25B60C7600852DF7 /* LaunchScreen.storyboard */; };
		FE5D3C6313D60B63125E01E0 /* Pods_AdmobDemo.framework in Frameworks */ = {isa = PBXBuildFile; fileRef = D27A99CE55502494A80B0C44 /* Pods_AdmobDemo.framework */; };
/* End PBXBuildFile section */

/* Begin PBXFileReference section */
		70D06EA125B60C7500852DF7 /* AdmobDemo.app */ = {isa = PBXFileReference; explicitFileType = wrapper.application; includeInIndex = 0; path = AdmobDemo.app; sourceTree = BUILT_PRODUCTS_DIR; };
		70D06EA425B60C7500852DF7 /* AppDelegate.swift */ = {isa = PBXFileReference; lastKnownFileType = sourcecode.swift; path = AppDelegate.swift; sourceTree = "<group>"; };
		70D06EA625B60C7500852DF7 /* SceneDelegate.swift */ = {isa = PBXFileReference; lastKnownFileType = sourcecode.swift; path = SceneDelegate.swift; sourceTree = "<group>"; };
		70D06EA825B60C7500852DF7 /* ViewController.swift */ = {isa = PBXFileReference; lastKnownFileType = sourcecode.swift; path = ViewController.swift; sourceTree = "<group>"; };
		70D06EAB25B60C7500852DF7 /* Base */ = {isa = PBXFileReference; lastKnownFileType = file.storyboard; name = Base; path = Base.lproj/Main.storyboard; sourceTree = "<group>"; };
		70D06EAD25B60C7600852DF7 /* Assets.xcassets */ = {isa = PBXFileReference; lastKnownFileType = folder.assetcatalog; path = Assets.xcassets; sourceTree = "<group>"; };
		70D06EB025B60C7600852DF7 /* Base */ = {isa = PBXFileReference; lastKnownFileType = file.storyboard; name = Base; path = Base.lproj/LaunchScreen.storyboard; sourceTree = "<group>"; };
		70D06EB225B60C7600852DF7 /* Info.plist */ = {isa = PBXFileReference; lastKnownFileType = text.plist.xml; path = Info.plist; sourceTree = "<group>"; };
		B1F64C17EE3437E622A5F6A6 /* Pods-AdmobDemo.debug.xcconfig */ = {isa = PBXFileReference; includeInIndex = 1; lastKnownFileType = text.xcconfig; name = "Pods-AdmobDemo.debug.xcconfig"; path = "Target Support Files/Pods-AdmobDemo/Pods-AdmobDemo.debug.xcconfig"; sourceTree = "<group>"; };
		B31F625359034586D96148A3 /* Pods-AdmobDemo.release.xcconfig */ = {isa = PBXFileReference; includeInIndex = 1; lastKnownFileType = text.xcconfig; name = "Pods-AdmobDemo.release.xcconfig"; path = "Target Support Files/Pods-AdmobDemo/Pods-AdmobDemo.release.xcconfig"; sourceTree = "<group>"; };
		D27A99CE55502494A80B0C44 /* Pods_AdmobDemo.framework */ = {isa = PBXFileReference; explicitFileType = wrapper.framework; includeInIndex = 0; path = Pods_AdmobDemo.framework; sourceTree = BUILT_PRODUCTS_DIR; };
/* End PBXFileReference section */

/* Begin PBXFrameworksBuildPhase section */
		70D06E9E25B60C7500852DF7 /* Frameworks */ = {
			isa = PBXFrameworksBuildPhase;
			buildActionMask = 2147483647;
			files = (
				FE5D3C6313D60B63125E01E0 /* Pods_AdmobDemo.framework in Frameworks */,
			);
			runOnlyForDeploymentPostprocessing = 0;
		};
/* End PBXFrameworksBuildPhase section */

/* Begin PBXGroup section */
		04C775000BC4863967A9ED80 /* Frameworks */ = {
			isa = PBXGroup;
			children = (
				D27A99CE55502494A80B0C44 /* Pods_AdmobDemo.framework */,
			);
			name = Frameworks;
			sourceTree = "<group>";
		};
		70D06E9825B60C7500852DF7 = {
			isa = PBXGroup;
			children = (
				70D06EA325B60C7500852DF7 /* AdmobDemo */,
				70D06EA225B60C7500852DF7 /* Products */,
				B209F814C19B988490CC9186 /* Pods */,
				04C775000BC4863967A9ED80 /* Frameworks */,
			);
			sourceTree = "<group>";
		};
		70D06EA225B60C7500852DF7 /* Products */ = {
			isa = PBXGroup;
			children = (
				70D06EA125B60C7500852DF7 /* AdmobDemo.app */,
			);
			name = Products;
			sourceTree = "<group>";
		};
		70D06EA325B60C7500852DF7 /* AdmobDemo */ = {
			isa = PBXGroup;
			children = (
				70D06EA425B60C7500852DF7 /* AppDelegate.swift */,
				70D06EA625B60C7500852DF7 /* SceneDelegate.swift */,
				70D06EA825B60C7500852DF7 /* ViewController.swift */,
				70D06EAA25B60C7500852DF7 /* Main.storyboard */,
				70D06EAD25B60C7600852DF7 /* Assets.xcassets */,
				70D06EAF25B60C7600852DF7 /* LaunchScreen.storyboard */,
				70D06EB225B60C7600852DF7 /* Info.plist */,
			);
			path = AdmobDemo;
			sourceTree = "<group>";
		};
		B209F814C19B988490CC9186 /* Pods */ = {
			isa = PBXGroup;
			children = (
				B1F64C17EE3437E622A5F6A6 /* Pods-AdmobDemo.debug.xcconfig */,
				B31F625359034586D96148A3 /* Pods-AdmobDemo.release.xcconfig */,
			);
			name = Pods;
			path = Pods;
			sourceTree = "<group>";
		};
/* End PBXGroup section */

/* Begin PBXNativeTarget section */
		70D06EA025B60C7500852DF7 /* AdmobDemo */ = {
			isa = PBXNativeTarget;
			buildConfigurationList = 70D06EB525B60C7600852DF7 /* Build configuration list for PBXNativeTarget "AdmobDemo" */;
			buildPhases = (
				70615AA956B138C73218F46B /* [CP] Check Pods Manifest.lock */,
				70D06E9D25B60C7500852DF7 /* Sources */,
				70D06E9E25B60C7500852DF7 /* Frameworks */,
				70D06E9F25B60C7500852DF7 /* Resources */,
				EC8FBC68A07C67941D8ADBE2 /* [CP] Embed Pods Frameworks */,
			);
			buildRules = (
			);
			dependencies = (
			);
			name = AdmobDemo;
			productName = AdmobDemo;
			productReference = 70D06EA125B60C7500852DF7 /* AdmobDemo.app */;
			productType = "com.apple.product-type.application";
		};
/* End PBXNativeTarget section */

/* Begin PBXProject section */
		70D06E9925B60C7500852DF7 /* Project object */ = {
			isa = PBXProject;
			attributes = {
				LastSwiftUpdateCheck = 1220;
				LastUpgradeCheck = 1220;
				TargetAttributes = {
					70D06EA025B60C7500852DF7 = {
						CreatedOnToolsVersion = 12.2;
					};
				};
			};
			buildConfigurationList = 70D06E9C25B60C7500852DF7 /* Build configuration list for PBXProject "AdmobDemo" */;
			compatibilityVersion = "Xcode 9.3";
			developmentRegion = en;
			hasScannedForEncodings = 0;
			knownRegions = (
				en,
				Base,
			);
			mainGroup = 70D06E9825B60C7500852DF7;
			productRefGroup = 70D06EA225B60C7500852DF7 /* Products */;
			projectDirPath = "";
			projectRoot = "";
			targets = (
				70D06EA025B60C7500852DF7 /* AdmobDemo */,
			);
		};
/* End PBXProject section */

/* Begin PBXResourcesBuildPhase section */
		70D06E9F25B60C7500852DF7 /* Resources */ = {
			isa = PBXResourcesBuildPhase;
			buildActionMask = 2147483647;
			files = (
				70D06EB125B60C7600852DF7 /* LaunchScreen.storyboard in Resources */,
				70D06EAE25B60C7600852DF7 /* Assets.xcassets in Resources */,
				70D06EAC25B60C7500852DF7 /* Main.storyboard in Resources */,
			);
			runOnlyForDeploymentPostprocessing = 0;
		};
/* End PBXResourcesBuildPhase section */

/* Begin PBXShellScriptBuildPhase section */
		70615AA956B138C73218F46B /* [CP] Check Pods Manifest.lock */ = {
			isa = PBXShellScriptBuildPhase;
			buildActionMask = 2147483647;
			files = (
			);
			inputFileListPaths = (
			);
			inputPaths = (
				"${PODS_PODFILE_DIR_PATH}/Podfile.lock",
				"${PODS_ROOT}/Manifest.lock",
			);
			name = "[CP] Check Pods Manifest.lock";
			outputFileListPaths = (
			);
			outputPaths = (
				"$(DERIVED_FILE_DIR)/Pods-AdmobDemo-checkManifestLockResult.txt",
			);
			runOnlyForDeploymentPostprocessing = 0;
			shellPath = /bin/sh;
			shellScript = "diff \"${PODS_PODFILE_DIR_PATH}/Podfile.lock\" \"${PODS_ROOT}/Manifest.lock\" > /dev/null\nif [ $? != 0 ] ; then\n    # print error to STDERR\n    echo \"error: The sandbox is not in sync with the Podfile.lock. Run 'pod install' or update your CocoaPods installation.\" >&2\n    exit 1\nfi\n# This output is used by Xcode 'outputs' to avoid re-running this script phase.\necho \"SUCCESS\" > \"${SCRIPT_OUTPUT_FILE_0}\"\n";
			showEnvVarsInLog = 0;
		};
		EC8FBC68A07C67941D8ADBE2 /* [CP] Embed Pods Frameworks */ = {
			isa = PBXShellScriptBuildPhase;
			buildActionMask = 2147483647;
			files = (
			);
			inputFileListPaths = (
				"${PODS_ROOT}/Target Support Files/Pods-AdmobDemo/Pods-AdmobDemo-frameworks-${CONFIGURATION}-input-files.xcfilelist",
			);
			name = "[CP] Embed Pods Frameworks";
			outputFileListPaths = (
				"${PODS_ROOT}/Target Support Files/Pods-AdmobDemo/Pods-AdmobDemo-frameworks-${CONFIGURATION}-output-files.xcfilelist",
			);
			runOnlyForDeploymentPostprocessing = 0;
			shellPath = /bin/sh;
			shellScript = "\"${PODS_ROOT}/Target Support Files/Pods-AdmobDemo/Pods-AdmobDemo-frameworks.sh\"\n";
			showEnvVarsInLog = 0;
		};
/* End PBXShellScriptBuildPhase section */

/* Begin PBXSourcesBuildPhase section */
		70D06E9D25B60C7500852DF7 /* Sources */ = {
			isa = PBXSourcesBuildPhase;
			buildActionMask = 2147483647;
			files = (
				70D06EA925B60C7500852DF7 /* ViewController.swift in Sources */,
				70D06EA525B60C7500852DF7 /* AppDelegate.swift in Sources */,
				70D06EA725B60C7500852DF7 /* SceneDelegate.swift in Sources */,
			);
			runOnlyForDeploymentPostprocessing = 0;
		};
/* End PBXSourcesBuildPhase section */

/* Begin PBXVariantGroup section */
		70D06EAA25B60C7500852DF7 /* Main.storyboard */ = {
			isa = PBXVariantGroup;
			children = (
				70D06EAB25B60C7500852DF7 /* Base */,
			);
			name = Main.storyboard;
			sourceTree = "<group>";
		};
		70D06EAF25B60C7600852DF7 /* LaunchScreen.storyboard */ = {
			isa = PBXVariantGroup;
			children = (
				70D06EB025B60C7600852DF7 /* Base */,
			);
			name = LaunchScreen.storyboard;
			sourceTree = "<group>";
		};
/* End PBXVariantGroup section */

/* Begin XCBuildConfiguration section */
		70D06EB325B60C7600852DF7 /* Debug */ = {
			isa = XCBuildConfiguration;
			buildSettings = {
				ALWAYS_SEARCH_USER_PATHS = NO;
				CLANG_ANALYZER_NONNULL = YES;
				CLANG_ANALYZER_NUMBER_OBJECT_CONVERSION = YES_AGGRESSIVE;
				CLANG_CXX_LANGUAGE_STANDARD = "gnu++14";
				CLANG_CXX_LIBRARY = "libc++";
				CLANG_ENABLE_MODULES = YES;
				CLANG_ENABLE_OBJC_ARC = YES;
				CLANG_ENABLE_OBJC_WEAK = YES;
				CLANG_WARN_BLOCK_CAPTURE_AUTORELEASING = YES;
				CLANG_WARN_BOOL_CONVERSION = YES;
				CLANG_WARN_COMMA = YES;
				CLANG_WARN_CONSTANT_CONVERSION = YES;
				CLANG_WARN_DEPRECATED_OBJC_IMPLEMENTATIONS = YES;
				CLANG_WARN_DIRECT_OBJC_ISA_USAGE = YES_ERROR;
				CLANG_WARN_DOCUMENTATION_COMMENTS = YES;
				CLANG_WARN_EMPTY_BODY = YES;
				CLANG_WARN_ENUM_CONVERSION = YES;
				CLANG_WARN_INFINITE_RECURSION = YES;
				CLANG_WARN_INT_CONVERSION = YES;
				CLANG_WARN_NON_LITERAL_NULL_CONVERSION = YES;
				CLANG_WARN_OBJC_IMPLICIT_RETAIN_SELF = YES;
				CLANG_WARN_OBJC_LITERAL_CONVERSION = YES;
				CLANG_WARN_OBJC_ROOT_CLASS = YES_ERROR;
				CLANG_WARN_QUOTED_INCLUDE_IN_FRAMEWORK_HEADER = YES;
				CLANG_WARN_RANGE_LOOP_ANALYSIS = YES;
				CLANG_WARN_STRICT_PROTOTYPES = YES;
				CLANG_WARN_SUSPICIOUS_MOVE = YES;
				CLANG_WARN_UNGUARDED_AVAILABILITY = YES_AGGRESSIVE;
				CLANG_WARN_UNREACHABLE_CODE = YES;
				CLANG_WARN__DUPLICATE_METHOD_MATCH = YES;
				COPY_PHASE_STRIP = NO;
				DEBUG_INFORMATION_FORMAT = dwarf;
				ENABLE_STRICT_OBJC_MSGSEND = YES;
				ENABLE_TESTABILITY = YES;
				GCC_C_LANGUAGE_STANDARD = gnu11;
				GCC_DYNAMIC_NO_PIC = NO;
				GCC_NO_COMMON_BLOCKS = YES;
				GCC_OPTIMIZATION_LEVEL = 0;
				GCC_PREPROCESSOR_DEFINITIONS = (
					"DEBUG=1",
					"$(inherited)",
				);
				GCC_WARN_64_TO_32_BIT_CONVERSION = YES;
				GCC_WARN_ABOUT_RETURN_TYPE = YES_ERROR;
				GCC_WARN_UNDECLARED_SELECTOR = YES;
				GCC_WARN_UNINITIALIZED_AUTOS = YES_AGGRESSIVE;
				GCC_WARN_UNUSED_FUNCTION = YES;
				GCC_WARN_UNUSED_VARIABLE = YES;
				IPHONEOS_DEPLOYMENT_TARGET = 14.2;
				MTL_ENABLE_DEBUG_INFO = INCLUDE_SOURCE;
				MTL_FAST_MATH = YES;
				ONLY_ACTIVE_ARCH = YES;
				SDKROOT = iphoneos;
				SWIFT_ACTIVE_COMPILATION_CONDITIONS = DEBUG;
				SWIFT_OPTIMIZATION_LEVEL = "-Onone";
			};
			name = Debug;
		};
		70D06EB425B60C7600852DF7 /* Release */ = {
			isa = XCBuildConfiguration;
			buildSettings = {
				ALWAYS_SEARCH_USER_PATHS = NO;
				CLANG_ANALYZER_NONNULL = YES;
				CLANG_ANALYZER_NUMBER_OBJECT_CONVERSION = YES_AGGRESSIVE;
				CLANG_CXX_LANGUAGE_STANDARD = "gnu++14";
				CLANG_CXX_LIBRARY = "libc++";
				CLANG_ENABLE_MODULES = YES;
				CLANG_ENABLE_OBJC_ARC = YES;
				CLANG_ENABLE_OBJC_WEAK = YES;
				CLANG_WARN_BLOCK_CAPTURE_AUTORELEASING = YES;
				CLANG_WARN_BOOL_CONVERSION = YES;
				CLANG_WARN_COMMA = YES;
				CLANG_WARN_CONSTANT_CONVERSION = YES;
				CLANG_WARN_DEPRECATED_OBJC_IMPLEMENTATIONS = YES;
				CLANG_WARN_DIRECT_OBJC_ISA_USAGE = YES_ERROR;
				CLANG_WARN_DOCUMENTATION_COMMENTS = YES;
				CLANG_WARN_EMPTY_BODY = YES;
				CLANG_WARN_ENUM_CONVERSION = YES;
				CLANG_WARN_INFINITE_RECURSION = YES;
				CLANG_WARN_INT_CONVERSION = YES;
				CLANG_WARN_NON_LITERAL_NULL_CONVERSION = YES;
				CLANG_WARN_OBJC_IMPLICIT_RETAIN_SELF = YES;
				CLANG_WARN_OBJC_LITERAL_CONVERSION = YES;
				CLANG_WARN_OBJC_ROOT_CLASS = YES_ERROR;
				CLANG_WARN_QUOTED_INCLUDE_IN_FRAMEWORK_HEADER = YES;
				CLANG_WARN_RANGE_LOOP_ANALYSIS = YES;
				CLANG_WARN_STRICT_PROTOTYPES = YES;
				CLANG_WARN_SUSPICIOUS_MOVE = YES;
				CLANG_WARN_UNGUARDED_AVAILABILITY = YES_AGGRESSIVE;
				CLANG_WARN_UNREACHABLE_CODE = YES;
				CLANG_WARN__DUPLICATE_METHOD_MATCH = YES;
				COPY_PHASE_STRIP = NO;
				DEBUG_INFORMATION_FORMAT = "dwarf-with-dsym";
				ENABLE_NS_ASSERTIONS = NO;
				ENABLE_STRICT_OBJC_MSGSEND = YES;
				GCC_C_LANGUAGE_STANDARD = gnu11;
				GCC_NO_COMMON_BLOCKS = YES;
				GCC_WARN_64_TO_32_BIT_CONVERSION = YES;
				GCC_WARN_ABOUT_RETURN_TYPE = YES_ERROR;
				GCC_WARN_UNDECLARED_SELECTOR = YES;
				GCC_WARN_UNINITIALIZED_AUTOS = YES_AGGRESSIVE;
				GCC_WARN_UNUSED_FUNCTION = YES;
				GCC_WARN_UNUSED_VARIABLE = YES;
				IPHONEOS_DEPLOYMENT_TARGET = 14.2;
				MTL_ENABLE_DEBUG_INFO = NO;
				MTL_FAST_MATH = YES;
				SDKROOT = iphoneos;
				SWIFT_COMPILATION_MODE = wholemodule;
				SWIFT_OPTIMIZATION_LEVEL = "-O";
				VALIDATE_PRODUCT = YES;
			};
			name = Release;
		};
		70D06EB625B60C7600852DF7 /* Debug */ = {
			isa = XCBuildConfiguration;
			baseConfigurationReference = B1F64C17EE3437E622A5F6A6 /* Pods-AdmobDemo.debug.xcconfig */;
			buildSettings = {
				ASSETCATALOG_COMPILER_APPICON_NAME = AppIcon;
				ASSETCATALOG_COMPILER_GLOBAL_ACCENT_COLOR_NAME = AccentColor;
				CODE_SIGN_STYLE = Automatic;
				DEVELOPMENT_TEAM = Z9N8ZU49CZ;
				INFOPLIST_FILE = AdmobDemo/Info.plist;
				LD_RUNPATH_SEARCH_PATHS = (
					"$(inherited)",
					"@executable_path/Frameworks",
				);
				PRODUCT_BUNDLE_IDENTIFIER = com.buraktuncdev.AdmobDemo;
				PRODUCT_NAME = "$(TARGET_NAME)";
				SWIFT_VERSION = 5.0;
				TARGETED_DEVICE_FAMILY = "1,2";
			};
			name = Debug;
		};
		70D06EB725B60C7600852DF7 /* Release */ = {
			isa = XCBuildConfiguration;
			baseConfigurationReference = B31F625359034586D96148A3 /* Pods-AdmobDemo.release.xcconfig */;
			buildSettings = {
				ASSETCATALOG_COMPILER_APPICON_NAME = AppIcon;
				ASSETCATALOG_COMPILER_GLOBAL_ACCENT_COLOR_NAME = AccentColor;
				CODE_SIGN_STYLE = Automatic;
				DEVELOPMENT_TEAM = Z9N8ZU49CZ;
				INFOPLIST_FILE = AdmobDemo/Info.plist;
				LD_RUNPATH_SEARCH_PATHS = (
					"$(inherited)",
					"@executable_path/Frameworks",
				);
				PRODUCT_BUNDLE_IDENTIFIER = com.buraktuncdev.AdmobDemo;
				PRODUCT_NAME = "$(TARGET_NAME)";
				SWIFT_VERSION = 5.0;
				TARGETED_DEVICE_FAMILY = "1,2";
			};
			name = Release;
		};
/* End XCBuildConfiguration section */

/* Begin XCConfigurationList section */
		70D06E9C25B60C7500852DF7 /* Build configuration list for PBXProject "AdmobDemo" */ = {
			isa = XCConfigurationList;
			buildConfigurations = (
				70D06EB325B60C7600852DF7 /* Debug */,
				70D06EB425B60C7600852DF7 /* Release */,
			);
			defaultConfigurationIsVisible = 0;
			defaultConfigurationName = Release;
		};
		70D06EB525B60C7600852DF7 /* Build configuration list for PBXNativeTarget "AdmobDemo" */ = {
			isa = XCConfigurationList;
			buildConfigurations = (
				70D06EB625B60C7600852DF7 /* Debug */,
				70D06EB725B60C7600852DF7 /* Release */,
			);
			defaultConfigurationIsVisible = 0;
			defaultConfigurationName = Release;
		};
/* End XCConfigurationList section */
	};
	rootObject = 70D06E9925B60C7500852DF7 /* Project object */;
}
